{
  "name": "teaflo",
  "version": "0.0.1",
  "lockfileVersion": 1,
  "requires": true,
  "dependencies": {
    "decimal.js": {
      "version": "10.0.0",
      "resolved": "https://registry.npmjs.org/decimal.js/-/decimal.js-10.0.0.tgz",
      "integrity": "sha512-oTJ6FdBXq28TSDB/e0CfuXWxZE1+Jj3vV9+6eL73d+YpryRqD/+R4O5kAmZjNHiL2zw9lXrnZR8NhJtualzufg=="
    }
  }
}
